
Microsoft Visual Studio Solution File, Format Version 12.00
# Visual Studio 15
VisualStudioVersion = 15.0.28010.2003
MinimumVisualStudioVersion = 10.0.40219.1
Project("{9A19103F-16F7-4668-BE54-9A1E7A4F7556}") = "MVC", "MVC\MVC.csproj", "{44DC7213-2FEF-41F8-B65A-70A83F740630}"
EndProject
Project("{FAE04EC0-301F-11D3-BF4B-00C04F79EFBC}") = "DataBaseApp", "DataBaseApp\DataBaseApp.csproj", "{D435BD88-6ED8-4810-9262-E9FBA4452433}"
EndProject
Global
	GlobalSection(SolutionConfigurationPlatforms) = preSolution
		Debug|Any CPU = Debug|Any CPU
		Release|Any CPU = Release|Any CPU
	EndGlobalSection
	GlobalSection(ProjectConfigurationPlatforms) = postSolution
		{44DC7213-2FEF-41F8-B65A-70A83F740630}.Debug|Any CPU.ActiveCfg = Debug|Any CPU
		{44DC7213-2FEF-41F8-B65A-70A83F740630}.Debug|Any CPU.Build.0 = Debug|Any CPU
		{44DC7213-2FEF-41F8-B65A-70A83F740630}.Release|Any CPU.ActiveCfg = Release|Any CPU
		{44DC7213-2FEF-41F8-B65A-70A83F740630}.Release|Any CPU.Build.0 = Release|Any CPU
		{D435BD88-6ED8-4810-9262-E9FBA4452433}.Debug|Any CPU.ActiveCfg = Debug|Any CPU
		{D435BD88-6ED8-4810-9262-E9FBA4452433}.Debug|Any CPU.Build.0 = Debug|Any CPU
		{D435BD88-6ED8-4810-9262-E9FBA4452433}.Release|Any CPU.ActiveCfg = Release|Any CPU
		{D435BD88-6ED8-4810-9262-E9FBA4452433}.Release|Any CPU.Build.0 = Release|Any CPU
	EndGlobalSection
	GlobalSection(SolutionProperties) = preSolution
		HideSolutionNode = FALSE
	EndGlobalSection
	GlobalSection(ExtensibilityGlobals) = postSolution
		SolutionGuid = {15CEB593-919F-42B6-8B95-CC3B694D8C9E}
	EndGlobalSection
EndGlobal
