
Microsoft Visual Studio Solution File, Format Version 12.00
# Visual Studio 15
VisualStudioVersion = 15.0.28010.2003
MinimumVisualStudioVersion = 10.0.40219.1
Project("{FAE04EC0-301F-11D3-BF4B-00C04F79EFBC}") = "dotNetBasics", "dotNetBasics\dotNetBasics.csproj", "{6344F202-F52A-4C78-A7DE-BAF9A0075C4C}"
EndProject
Project("{FAE04EC0-301F-11D3-BF4B-00C04F79EFBC}") = "Classes", "Classes\Classes.csproj", "{81640932-EF0F-4826-9CB1-82BDC479707F}"
EndProject
Project("{FAE04EC0-301F-11D3-BF4B-00C04F79EFBC}") = "GenericsCollections", "GenericsCollections\GenericsCollections.csproj", "{26D92C0A-05D3-438B-B7D2-E752F48EFFFD}"
EndProject
Project("{FAE04EC0-301F-11D3-BF4B-00C04F79EFBC}") = "DummyCalculator", "DummyCalculator\DummyCalculator.csproj", "{8EC50570-7338-4ECB-B366-6950CFD4588B}"
EndProject
Project("{9A19103F-16F7-4668-BE54-9A1E7A4F7556}") = "DummyCalculator.Tests", "DummyCalculator.Tests\DummyCalculator.Tests.csproj", "{00A9E2B5-B699-49E6-BF81-929B0C474BED}"
EndProject
Project("{FAE04EC0-301F-11D3-BF4B-00C04F79EFBC}") = "LinqApp", "LinqApp\LinqApp.csproj", "{A138DC48-738F-40F4-ADDB-CAE2652CAD0B}"
EndProject
Global
	GlobalSection(SolutionConfigurationPlatforms) = preSolution
		Debug|Any CPU = Debug|Any CPU
		Release|Any CPU = Release|Any CPU
	EndGlobalSection
	GlobalSection(ProjectConfigurationPlatforms) = postSolution
		{6344F202-F52A-4C78-A7DE-BAF9A0075C4C}.Debug|Any CPU.ActiveCfg = Debug|Any CPU
		{6344F202-F52A-4C78-A7DE-BAF9A0075C4C}.Debug|Any CPU.Build.0 = Debug|Any CPU
		{6344F202-F52A-4C78-A7DE-BAF9A0075C4C}.Release|Any CPU.ActiveCfg = Release|Any CPU
		{6344F202-F52A-4C78-A7DE-BAF9A0075C4C}.Release|Any CPU.Build.0 = Release|Any CPU
		{81640932-EF0F-4826-9CB1-82BDC479707F}.Debug|Any CPU.ActiveCfg = Debug|Any CPU
		{81640932-EF0F-4826-9CB1-82BDC479707F}.Debug|Any CPU.Build.0 = Debug|Any CPU
		{81640932-EF0F-4826-9CB1-82BDC479707F}.Release|Any CPU.ActiveCfg = Release|Any CPU
		{81640932-EF0F-4826-9CB1-82BDC479707F}.Release|Any CPU.Build.0 = Release|Any CPU
		{26D92C0A-05D3-438B-B7D2-E752F48EFFFD}.Debug|Any CPU.ActiveCfg = Debug|Any CPU
		{26D92C0A-05D3-438B-B7D2-E752F48EFFFD}.Debug|Any CPU.Build.0 = Debug|Any CPU
		{26D92C0A-05D3-438B-B7D2-E752F48EFFFD}.Release|Any CPU.ActiveCfg = Release|Any CPU
		{26D92C0A-05D3-438B-B7D2-E752F48EFFFD}.Release|Any CPU.Build.0 = Release|Any CPU
		{8EC50570-7338-4ECB-B366-6950CFD4588B}.Debug|Any CPU.ActiveCfg = Debug|Any CPU
		{8EC50570-7338-4ECB-B366-6950CFD4588B}.Debug|Any CPU.Build.0 = Debug|Any CPU
		{8EC50570-7338-4ECB-B366-6950CFD4588B}.Release|Any CPU.ActiveCfg = Release|Any CPU
		{8EC50570-7338-4ECB-B366-6950CFD4588B}.Release|Any CPU.Build.0 = Release|Any CPU
		{00A9E2B5-B699-49E6-BF81-929B0C474BED}.Debug|Any CPU.ActiveCfg = Debug|Any CPU
		{00A9E2B5-B699-49E6-BF81-929B0C474BED}.Debug|Any CPU.Build.0 = Debug|Any CPU
		{00A9E2B5-B699-49E6-BF81-929B0C474BED}.Release|Any CPU.ActiveCfg = Release|Any CPU
		{00A9E2B5-B699-49E6-BF81-929B0C474BED}.Release|Any CPU.Build.0 = Release|Any CPU
		{A138DC48-738F-40F4-ADDB-CAE2652CAD0B}.Debug|Any CPU.ActiveCfg = Debug|Any CPU
		{A138DC48-738F-40F4-ADDB-CAE2652CAD0B}.Debug|Any CPU.Build.0 = Debug|Any CPU
		{A138DC48-738F-40F4-ADDB-CAE2652CAD0B}.Release|Any CPU.ActiveCfg = Release|Any CPU
		{A138DC48-738F-40F4-ADDB-CAE2652CAD0B}.Release|Any CPU.Build.0 = Release|Any CPU
	EndGlobalSection
	GlobalSection(SolutionProperties) = preSolution
		HideSolutionNode = FALSE
	EndGlobalSection
	GlobalSection(ExtensibilityGlobals) = postSolution
		SolutionGuid = {F9E764DC-DAFB-4CAA-9085-B1C013F44005}
	EndGlobalSection
EndGlobal
